// !$*UTF8*$!
{
	archiveVersion = 1;
	classes = {
	};
	objectVersion = 56;
	objects = {

/* Begin PBXBuildFile section */
		FA46D8802BD2AB0100D2BE18 /* UserInfoEnum.swift in Sources */ = {isa = PBXBuildFile; fileRef = FA46D87F2BD2AB0100D2BE18 /* UserInfoEnum.swift */; };
		FA46D8822BD3183B00D2BE18 /* UIViewController+Extension.swift in Sources */ = {isa = PBXBuildFile; fileRef = FA46D8812BD3183A00D2BE18 /* UIViewController+Extension.swift */; };
		FA46D8842BD3212600D2BE18 /* String+Extension.swift in Sources */ = {isa = PBXBuildFile; fileRef = FA46D8832BD3212600D2BE18 /* String+Extension.swift */; };
		FA8C29672BD6892F0007505C /* CustomUIButton.swift in Sources */ = {isa = PBXBuildFile; fileRef = FA8C29662BD6892F0007505C /* CustomUIButton.swift */; };
		FA8C29692BD68B1C0007505C /* CustomUITextField.swift in Sources */ = {isa = PBXBuildFile; fileRef = FA8C29682BD68B1C0007505C /* CustomUITextField.swift */; };
		FA8C296D2BD7BE8C0007505C /* SignInViewController.xib in Resources */ = {isa = PBXBuildFile; fileRef = FA8C296C2BD7BE8C0007505C /* SignInViewController.xib */; };
		FA8C296E2BD7BE8C0007505C /* SignInViewController.swift in Sources */ = {isa = PBXBuildFile; fileRef = FA8C296B2BD7BE8C0007505C /* SignInViewController.swift */; };
		FA8C29702BD7BEC70007505C /* SignInViewModel.swift in Sources */ = {isa = PBXBuildFile; fileRef = FA8C296F2BD7BEC70007505C /* SignInViewModel.swift */; };
		FA8C29722BD7C7AD0007505C /* UIColor+Extension.swift in Sources */ = {isa = PBXBuildFile; fileRef = FA8C29712BD7C7AD0007505C /* UIColor+Extension.swift */; };
		FA8C29762BD81BF30007505C /* TabBarViewController.swift in Sources */ = {isa = PBXBuildFile; fileRef = FA8C29732BD81BF30007505C /* TabBarViewController.swift */; };
		FA8C29782BD839440007505C /* CustomUIImageView.swift in Sources */ = {isa = PBXBuildFile; fileRef = FA8C29772BD839440007505C /* CustomUIImageView.swift */; };
		FAC512112BD8510000B38B56 /* PostModel.swift in Sources */ = {isa = PBXBuildFile; fileRef = FAC512102BD8510000B38B56 /* PostModel.swift */; };
		FAC512132BD85E0900B38B56 /* FirebaseStorageFolders.swift in Sources */ = {isa = PBXBuildFile; fileRef = FAC512122BD85E0900B38B56 /* FirebaseStorageFolders.swift */; };
		FAC512162BD864A600B38B56 /* SDWebImage in Frameworks */ = {isa = PBXBuildFile; productRef = FAC512152BD864A600B38B56 /* SDWebImage */; };
		FAC512182BD864A600B38B56 /* SDWebImageMapKit in Frameworks */ = {isa = PBXBuildFile; productRef = FAC512172BD864A600B38B56 /* SDWebImageMapKit */; };
		FAC5121A2BD864F000B38B56 /* UIImageView+Extension.swift in Sources */ = {isa = PBXBuildFile; fileRef = FAC512192BD864F000B38B56 /* UIImageView+Extension.swift */; };
		FAEDD5E92BBEC68D00E3F257 /* FeedViewController.swift in Sources */ = {isa = PBXBuildFile; fileRef = FAEDD5E72BBEC68D00E3F257 /* FeedViewController.swift */; };
		FAEDD5EA2BBEC68D00E3F257 /* FeedViewController.xib in Resources */ = {isa = PBXBuildFile; fileRef = FAEDD5E82BBEC68D00E3F257 /* FeedViewController.xib */; };
		FAEDD5EF2BC7F45900E3F257 /* FeedTableViewCell.swift in Sources */ = {isa = PBXBuildFile; fileRef = FAEDD5ED2BC7F45900E3F257 /* FeedTableViewCell.swift */; };
		FAEDD5F02BC7F45900E3F257 /* FeedTableViewCell.xib in Resources */ = {isa = PBXBuildFile; fileRef = FAEDD5EE2BC7F45900E3F257 /* FeedTableViewCell.xib */; };
		FAEDD5F22BC7F61700E3F257 /* UserModel.swift in Sources */ = {isa = PBXBuildFile; fileRef = FAEDD5F12BC7F61700E3F257 /* UserModel.swift */; };
		FAEDD5F42BCACAA400E3F257 /* Network.swift in Sources */ = {isa = PBXBuildFile; fileRef = FAEDD5F32BCACAA400E3F257 /* Network.swift */; };
		FAEDD5F82BCDB51B00E3F257 /* FirebaseIdentifiable.swift in Sources */ = {isa = PBXBuildFile; fileRef = FAEDD5F72BCDB51B00E3F257 /* FirebaseIdentifiable.swift */; };
		FAEDD5FA2BCDB56500E3F257 /* FirebaseIdentifiable+Extension.swift in Sources */ = {isa = PBXBuildFile; fileRef = FAEDD5F92BCDB56500E3F257 /* FirebaseIdentifiable+Extension.swift */; };
		FAEDD5FC2BCDB5AD00E3F257 /* DocumentError.swift in Sources */ = {isa = PBXBuildFile; fileRef = FAEDD5FB2BCDB5AD00E3F257 /* DocumentError.swift */; };
		FAEDD5FE2BCDB64900E3F257 /* FirebaseCollections.swift in Sources */ = {isa = PBXBuildFile; fileRef = FAEDD5FD2BCDB64900E3F257 /* FirebaseCollections.swift */; };
		FAEDD6012BCDBEBB00E3F257 /* BaseViewController.swift in Sources */ = {isa = PBXBuildFile; fileRef = FAEDD6002BCDBEBB00E3F257 /* BaseViewController.swift */; };
		FAEDD6032BCDBF3000E3F257 /* BaseViewModel.swift in Sources */ = {isa = PBXBuildFile; fileRef = FAEDD6022BCDBF3000E3F257 /* BaseViewModel.swift */; };
		FAEDD6062BCDC19300E3F257 /* ProgressHUD in Frameworks */ = {isa = PBXBuildFile; productRef = FAEDD6052BCDC19300E3F257 /* ProgressHUD */; };
		FAEDD6082BCDC21600E3F257 /* FeedViewModel.swift in Sources */ = {isa = PBXBuildFile; fileRef = FAEDD6072BCDC21600E3F257 /* FeedViewModel.swift */; };
		FAEDD60D2BCDE22B00E3F257 /* CustomGradientLoadingAnimation.swift in Sources */ = {isa = PBXBuildFile; fileRef = FAEDD60C2BCDE22B00E3F257 /* CustomGradientLoadingAnimation.swift */; };
		FAEDD6112BCEB83500E3F257 /* SignUpViewController.swift in Sources */ = {isa = PBXBuildFile; fileRef = FAEDD60F2BCEB83500E3F257 /* SignUpViewController.swift */; };
		FAEDD6122BCEB83500E3F257 /* SignUpViewController.xib in Resources */ = {isa = PBXBuildFile; fileRef = FAEDD6102BCEB83500E3F257 /* SignUpViewController.xib */; };
		FAEDD6162BCEB86600E3F257 /* SignUpViewModel.swift in Sources */ = {isa = PBXBuildFile; fileRef = FAEDD6152BCEB86600E3F257 /* SignUpViewModel.swift */; };
		FAEDD6182BCEC58500E3F257 /* AuthManager.swift in Sources */ = {isa = PBXBuildFile; fileRef = FAEDD6172BCEC58500E3F257 /* AuthManager.swift */; };
		FAEDD61B2BCF2B9600E3F257 /* GoogleSignIn in Frameworks */ = {isa = PBXBuildFile; productRef = FAEDD61A2BCF2B9600E3F257 /* GoogleSignIn */; };
		FAEDD61D2BCF2B9600E3F257 /* GoogleSignInSwift in Frameworks */ = {isa = PBXBuildFile; productRef = FAEDD61C2BCF2B9600E3F257 /* GoogleSignInSwift */; };
		FAEDD61F2BCF2ECC00E3F257 /* GoogleService-Info.plist in Resources */ = {isa = PBXBuildFile; fileRef = FAEDD61E2BCF2ECC00E3F257 /* GoogleService-Info.plist */; };
		FAEDD6212BD1B4A600E3F257 /* UserDetailModel.swift in Sources */ = {isa = PBXBuildFile; fileRef = FAEDD6202BD1B4A600E3F257 /* UserDetailModel.swift */; };
		FAEDD6232BD1BC3400E3F257 /* PointDetails.swift in Sources */ = {isa = PBXBuildFile; fileRef = FAEDD6222BD1BC3400E3F257 /* PointDetails.swift */; };
		FAEDD6252BD1C8FA00E3F257 /* UserInfo.swift in Sources */ = {isa = PBXBuildFile; fileRef = FAEDD6242BD1C8FA00E3F257 /* UserInfo.swift */; };
		FAF1932B2BD677870011B037 /* SignUpWithEmailViewController.xib in Resources */ = {isa = PBXBuildFile; fileRef = FAF1932A2BD677870011B037 /* SignUpWithEmailViewController.xib */; };
		FAF1932C2BD677870011B037 /* SignUpWithEmailViewController.swift in Sources */ = {isa = PBXBuildFile; fileRef = FAF193292BD677870011B037 /* SignUpWithEmailViewController.swift */; };
		FAF1932E2BD677D60011B037 /* SignUpWithEmailViewModel.swift in Sources */ = {isa = PBXBuildFile; fileRef = FAF1932D2BD677D60011B037 /* SignUpWithEmailViewModel.swift */; };
		FAF5D8642BBB0917001759FD /* AppDelegate.swift in Sources */ = {isa = PBXBuildFile; fileRef = FAF5D8632BBB0917001759FD /* AppDelegate.swift */; };
		FAF5D8662BBB0917001759FD /* SceneDelegate.swift in Sources */ = {isa = PBXBuildFile; fileRef = FAF5D8652BBB0917001759FD /* SceneDelegate.swift */; };
		FAF5D86D2BBB0919001759FD /* Assets.xcassets in Resources */ = {isa = PBXBuildFile; fileRef = FAF5D86C2BBB0919001759FD /* Assets.xcassets */; };
		FAF5D8702BBB0919001759FD /* Base in Resources */ = {isa = PBXBuildFile; fileRef = FAF5D86F2BBB0919001759FD /* Base */; };
		FAF5D8822BBB5BD0001759FD /* FirebaseAuth in Frameworks */ = {isa = PBXBuildFile; productRef = FAF5D8812BBB5BD0001759FD /* FirebaseAuth */; };
		FAF5D8842BBB5BD0001759FD /* FirebaseDatabase in Frameworks */ = {isa = PBXBuildFile; productRef = FAF5D8832BBB5BD0001759FD /* FirebaseDatabase */; };
		FAF5D8862BBB5BD0001759FD /* FirebaseFirestoreSwift in Frameworks */ = {isa = PBXBuildFile; productRef = FAF5D8852BBB5BD0001759FD /* FirebaseFirestoreSwift */; };
		FAF5D8882BBB5BD0001759FD /* FirebaseStorage in Frameworks */ = {isa = PBXBuildFile; productRef = FAF5D8872BBB5BD0001759FD /* FirebaseStorage */; };
/* End PBXBuildFile section */

/* Begin PBXFileReference section */
		FA46D87F2BD2AB0100D2BE18 /* UserInfoEnum.swift */ = {isa = PBXFileReference; lastKnownFileType = sourcecode.swift; path = UserInfoEnum.swift; sourceTree = "<group>"; };
		FA46D8812BD3183A00D2BE18 /* UIViewController+Extension.swift */ = {isa = PBXFileReference; lastKnownFileType = sourcecode.swift; path = "UIViewController+Extension.swift"; sourceTree = "<group>"; };
		FA46D8832BD3212600D2BE18 /* String+Extension.swift */ = {isa = PBXFileReference; lastKnownFileType = sourcecode.swift; path = "String+Extension.swift"; sourceTree = "<group>"; };
		FA8C29662BD6892F0007505C /* CustomUIButton.swift */ = {isa = PBXFileReference; lastKnownFileType = sourcecode.swift; path = CustomUIButton.swift; sourceTree = "<group>"; };
		FA8C29682BD68B1C0007505C /* CustomUITextField.swift */ = {isa = PBXFileReference; lastKnownFileType = sourcecode.swift; path = CustomUITextField.swift; sourceTree = "<group>"; };
		FA8C296B2BD7BE8C0007505C /* SignInViewController.swift */ = {isa = PBXFileReference; lastKnownFileType = sourcecode.swift; path = SignInViewController.swift; sourceTree = "<group>"; };
		FA8C296C2BD7BE8C0007505C /* SignInViewController.xib */ = {isa = PBXFileReference; lastKnownFileType = file.xib; path = SignInViewController.xib; sourceTree = "<group>"; };
		FA8C296F2BD7BEC70007505C /* SignInViewModel.swift */ = {isa = PBXFileReference; lastKnownFileType = sourcecode.swift; path = SignInViewModel.swift; sourceTree = "<group>"; };
		FA8C29712BD7C7AD0007505C /* UIColor+Extension.swift */ = {isa = PBXFileReference; lastKnownFileType = sourcecode.swift; path = "UIColor+Extension.swift"; sourceTree = "<group>"; };
		FA8C29732BD81BF30007505C /* TabBarViewController.swift */ = {isa = PBXFileReference; lastKnownFileType = sourcecode.swift; path = TabBarViewController.swift; sourceTree = "<group>"; };
		FA8C29772BD839440007505C /* CustomUIImageView.swift */ = {isa = PBXFileReference; lastKnownFileType = sourcecode.swift; path = CustomUIImageView.swift; sourceTree = "<group>"; };
		FAC512102BD8510000B38B56 /* PostModel.swift */ = {isa = PBXFileReference; lastKnownFileType = sourcecode.swift; path = PostModel.swift; sourceTree = "<group>"; };
		FAC512122BD85E0900B38B56 /* FirebaseStorageFolders.swift */ = {isa = PBXFileReference; lastKnownFileType = sourcecode.swift; path = FirebaseStorageFolders.swift; sourceTree = "<group>"; };
		FAC512192BD864F000B38B56 /* UIImageView+Extension.swift */ = {isa = PBXFileReference; lastKnownFileType = sourcecode.swift; path = "UIImageView+Extension.swift"; sourceTree = "<group>"; };
		FAEDD5E72BBEC68D00E3F257 /* FeedViewController.swift */ = {isa = PBXFileReference; lastKnownFileType = sourcecode.swift; path = FeedViewController.swift; sourceTree = "<group>"; };
		FAEDD5E82BBEC68D00E3F257 /* FeedViewController.xib */ = {isa = PBXFileReference; lastKnownFileType = file.xib; path = FeedViewController.xib; sourceTree = "<group>"; };
		FAEDD5ED2BC7F45900E3F257 /* FeedTableViewCell.swift */ = {isa = PBXFileReference; lastKnownFileType = sourcecode.swift; path = FeedTableViewCell.swift; sourceTree = "<group>"; };
		FAEDD5EE2BC7F45900E3F257 /* FeedTableViewCell.xib */ = {isa = PBXFileReference; lastKnownFileType = file.xib; path = FeedTableViewCell.xib; sourceTree = "<group>"; };
		FAEDD5F12BC7F61700E3F257 /* UserModel.swift */ = {isa = PBXFileReference; lastKnownFileType = sourcecode.swift; path = UserModel.swift; sourceTree = "<group>"; };
		FAEDD5F32BCACAA400E3F257 /* Network.swift */ = {isa = PBXFileReference; lastKnownFileType = sourcecode.swift; path = Network.swift; sourceTree = "<group>"; };
		FAEDD5F72BCDB51B00E3F257 /* FirebaseIdentifiable.swift */ = {isa = PBXFileReference; lastKnownFileType = sourcecode.swift; path = FirebaseIdentifiable.swift; sourceTree = "<group>"; };
		FAEDD5F92BCDB56500E3F257 /* FirebaseIdentifiable+Extension.swift */ = {isa = PBXFileReference; lastKnownFileType = sourcecode.swift; path = "FirebaseIdentifiable+Extension.swift"; sourceTree = "<group>"; };
		FAEDD5FB2BCDB5AD00E3F257 /* DocumentError.swift */ = {isa = PBXFileReference; lastKnownFileType = sourcecode.swift; path = DocumentError.swift; sourceTree = "<group>"; };
		FAEDD5FD2BCDB64900E3F257 /* FirebaseCollections.swift */ = {isa = PBXFileReference; lastKnownFileType = sourcecode.swift; path = FirebaseCollections.swift; sourceTree = "<group>"; };
		FAEDD6002BCDBEBB00E3F257 /* BaseViewController.swift */ = {isa = PBXFileReference; lastKnownFileType = sourcecode.swift; path = BaseViewController.swift; sourceTree = "<group>"; };
		FAEDD6022BCDBF3000E3F257 /* BaseViewModel.swift */ = {isa = PBXFileReference; lastKnownFileType = sourcecode.swift; path = BaseViewModel.swift; sourceTree = "<group>"; };
		FAEDD6072BCDC21600E3F257 /* FeedViewModel.swift */ = {isa = PBXFileReference; lastKnownFileType = sourcecode.swift; path = FeedViewModel.swift; sourceTree = "<group>"; };
		FAEDD60C2BCDE22B00E3F257 /* CustomGradientLoadingAnimation.swift */ = {isa = PBXFileReference; lastKnownFileType = sourcecode.swift; path = CustomGradientLoadingAnimation.swift; sourceTree = "<group>"; };
		FAEDD60F2BCEB83500E3F257 /* SignUpViewController.swift */ = {isa = PBXFileReference; lastKnownFileType = sourcecode.swift; path = SignUpViewController.swift; sourceTree = "<group>"; };
		FAEDD6102BCEB83500E3F257 /* SignUpViewController.xib */ = {isa = PBXFileReference; lastKnownFileType = file.xib; path = SignUpViewController.xib; sourceTree = "<group>"; };
		FAEDD6152BCEB86600E3F257 /* SignUpViewModel.swift */ = {isa = PBXFileReference; lastKnownFileType = sourcecode.swift; path = SignUpViewModel.swift; sourceTree = "<group>"; };
		FAEDD6172BCEC58500E3F257 /* AuthManager.swift */ = {isa = PBXFileReference; lastKnownFileType = sourcecode.swift; path = AuthManager.swift; sourceTree = "<group>"; };
		FAEDD61E2BCF2ECC00E3F257 /* GoogleService-Info.plist */ = {isa = PBXFileReference; fileEncoding = 4; lastKnownFileType = text.plist.xml; name = "GoogleService-Info.plist"; path = "../../../../Desktop/CHROME İNDİRİLENLER/GoogleService-Info.plist"; sourceTree = "<group>"; };
		FAEDD6202BD1B4A600E3F257 /* UserDetailModel.swift */ = {isa = PBXFileReference; lastKnownFileType = sourcecode.swift; path = UserDetailModel.swift; sourceTree = "<group>"; };
		FAEDD6222BD1BC3400E3F257 /* PointDetails.swift */ = {isa = PBXFileReference; lastKnownFileType = sourcecode.swift; path = PointDetails.swift; sourceTree = "<group>"; };
		FAEDD6242BD1C8FA00E3F257 /* UserInfo.swift */ = {isa = PBXFileReference; lastKnownFileType = sourcecode.swift; path = UserInfo.swift; sourceTree = "<group>"; };
		FAF193292BD677870011B037 /* SignUpWithEmailViewController.swift */ = {isa = PBXFileReference; lastKnownFileType = sourcecode.swift; path = SignUpWithEmailViewController.swift; sourceTree = "<group>"; };
		FAF1932A2BD677870011B037 /* SignUpWithEmailViewController.xib */ = {isa = PBXFileReference; lastKnownFileType = file.xib; path = SignUpWithEmailViewController.xib; sourceTree = "<group>"; };
		FAF1932D2BD677D60011B037 /* SignUpWithEmailViewModel.swift */ = {isa = PBXFileReference; lastKnownFileType = sourcecode.swift; path = SignUpWithEmailViewModel.swift; sourceTree = "<group>"; };
		FAF5D8602BBB0917001759FD /* SurdurulebilirMahalleler.app */ = {isa = PBXFileReference; explicitFileType = wrapper.application; includeInIndex = 0; path = SurdurulebilirMahalleler.app; sourceTree = BUILT_PRODUCTS_DIR; };
		FAF5D8632BBB0917001759FD /* AppDelegate.swift */ = {isa = PBXFileReference; lastKnownFileType = sourcecode.swift; path = AppDelegate.swift; sourceTree = "<group>"; };
		FAF5D8652BBB0917001759FD /* SceneDelegate.swift */ = {isa = PBXFileReference; lastKnownFileType = sourcecode.swift; path = SceneDelegate.swift; sourceTree = "<group>"; };
		FAF5D86C2BBB0919001759FD /* Assets.xcassets */ = {isa = PBXFileReference; lastKnownFileType = folder.assetcatalog; path = Assets.xcassets; sourceTree = "<group>"; };
		FAF5D86F2BBB0919001759FD /* Base */ = {isa = PBXFileReference; lastKnownFileType = file.storyboard; name = Base; path = Base.lproj/LaunchScreen.storyboard; sourceTree = "<group>"; };
		FAF5D8712BBB0919001759FD /* Info.plist */ = {isa = PBXFileReference; lastKnownFileType = text.plist.xml; path = Info.plist; sourceTree = "<group>"; };
/* End PBXFileReference section */

/* Begin PBXFrameworksBuildPhase section */
		FAF5D85D2BBB0917001759FD /* Frameworks */ = {
			isa = PBXFrameworksBuildPhase;
			buildActionMask = 2147483647;
			files = (
				FAEDD6062BCDC19300E3F257 /* ProgressHUD in Frameworks */,
				FAC512182BD864A600B38B56 /* SDWebImageMapKit in Frameworks */,
				FAF5D8842BBB5BD0001759FD /* FirebaseDatabase in Frameworks */,
				FAC512162BD864A600B38B56 /* SDWebImage in Frameworks */,
				FAEDD61D2BCF2B9600E3F257 /* GoogleSignInSwift in Frameworks */,
				FAF5D8882BBB5BD0001759FD /* FirebaseStorage in Frameworks */,
				FAF5D8822BBB5BD0001759FD /* FirebaseAuth in Frameworks */,
				FAF5D8862BBB5BD0001759FD /* FirebaseFirestoreSwift in Frameworks */,
				FAEDD61B2BCF2B9600E3F257 /* GoogleSignIn in Frameworks */,
			);
			runOnlyForDeploymentPostprocessing = 0;
		};
/* End PBXFrameworksBuildPhase section */

/* Begin PBXGroup section */
		FA8C296A2BD7B8AE0007505C /* SignIn */ = {
			isa = PBXGroup;
			children = (
				FA8C296B2BD7BE8C0007505C /* SignInViewController.swift */,
				FA8C296C2BD7BE8C0007505C /* SignInViewController.xib */,
				FA8C296F2BD7BEC70007505C /* SignInViewModel.swift */,
			);
			path = SignIn;
			sourceTree = "<group>";
		};
		FAEDD5F52BCACDCD00E3F257 /* Cells */ = {
			isa = PBXGroup;
			children = (
				FAEDD5ED2BC7F45900E3F257 /* FeedTableViewCell.swift */,
				FAEDD5EE2BC7F45900E3F257 /* FeedTableViewCell.xib */,
			);
			path = Cells;
			sourceTree = "<group>";
		};
		FAEDD5F62BCACDD900E3F257 /* Feed */ = {
			isa = PBXGroup;
			children = (
				FAEDD5E72BBEC68D00E3F257 /* FeedViewController.swift */,
				FAEDD5E82BBEC68D00E3F257 /* FeedViewController.xib */,
				FAEDD6072BCDC21600E3F257 /* FeedViewModel.swift */,
			);
			path = Feed;
			sourceTree = "<group>";
		};
		FAEDD5FF2BCDBE8F00E3F257 /* Base */ = {
			isa = PBXGroup;
			children = (
				FAEDD6002BCDBEBB00E3F257 /* BaseViewController.swift */,
				FAEDD6022BCDBF3000E3F257 /* BaseViewModel.swift */,
			);
			path = Base;
			sourceTree = "<group>";
		};
		FAEDD60B2BCDE20B00E3F257 /* CustomView */ = {
			isa = PBXGroup;
			children = (
				FAEDD60C2BCDE22B00E3F257 /* CustomGradientLoadingAnimation.swift */,
				FA8C29662BD6892F0007505C /* CustomUIButton.swift */,
				FA8C29682BD68B1C0007505C /* CustomUITextField.swift */,
				FA8C29772BD839440007505C /* CustomUIImageView.swift */,
			);
			path = CustomView;
			sourceTree = "<group>";
		};
		FAEDD60E2BCEB81F00E3F257 /* SignUp */ = {
			isa = PBXGroup;
			children = (
				FAEDD60F2BCEB83500E3F257 /* SignUpViewController.swift */,
				FAEDD6102BCEB83500E3F257 /* SignUpViewController.xib */,
				FAEDD6152BCEB86600E3F257 /* SignUpViewModel.swift */,
			);
			path = SignUp;
			sourceTree = "<group>";
		};
		FAF193282BD6775B0011B037 /* SignUpWithEmail */ = {
			isa = PBXGroup;
			children = (
				FAF193292BD677870011B037 /* SignUpWithEmailViewController.swift */,
				FAF1932A2BD677870011B037 /* SignUpWithEmailViewController.xib */,
				FAF1932D2BD677D60011B037 /* SignUpWithEmailViewModel.swift */,
			);
			path = SignUpWithEmail;
			sourceTree = "<group>";
		};
		FAF5D8572BBB0917001759FD = {
			isa = PBXGroup;
			children = (
				FAF5D8622BBB0917001759FD /* SurdurulebilirMahalleler */,
				FAF5D8612BBB0917001759FD /* Products */,
			);
			sourceTree = "<group>";
		};
		FAF5D8612BBB0917001759FD /* Products */ = {
			isa = PBXGroup;
			children = (
				FAF5D8602BBB0917001759FD /* SurdurulebilirMahalleler.app */,
			);
			name = Products;
			sourceTree = "<group>";
		};
		FAF5D8622BBB0917001759FD /* SurdurulebilirMahalleler */ = {
			isa = PBXGroup;
			children = (
				FAEDD60B2BCDE20B00E3F257 /* CustomView */,
				FAF5D87F2BBB09DB001759FD /* Constant */,
				FAF5D87E2BBB09B6001759FD /* Delegate */,
				FAF5D87D2BBB09AA001759FD /* Protocol */,
				FAF5D87C2BBB0989001759FD /* Enum */,
				FAF5D87B2BBB0963001759FD /* Extension */,
				FAF5D87A2BBB095B001759FD /* Models */,
				FAF5D8792BBB0954001759FD /* Data */,
				FAF5D8782BBB0948001759FD /* Scenes */,
				FAF5D8772BBB092C001759FD /* SupportingFiles */,
				FAF5D86E2BBB0919001759FD /* LaunchScreen.storyboard */,
				FAF5D8712BBB0919001759FD /* Info.plist */,
				FAEDD61E2BCF2ECC00E3F257 /* GoogleService-Info.plist */,
			);
			path = SurdurulebilirMahalleler;
			sourceTree = "<group>";
		};
		FAF5D8772BBB092C001759FD /* SupportingFiles */ = {
			isa = PBXGroup;
			children = (
				FAF5D86C2BBB0919001759FD /* Assets.xcassets */,
				FAF5D8632BBB0917001759FD /* AppDelegate.swift */,
				FAF5D8652BBB0917001759FD /* SceneDelegate.swift */,
			);
			path = SupportingFiles;
			sourceTree = "<group>";
		};
		FAF5D8782BBB0948001759FD /* Scenes */ = {
			isa = PBXGroup;
			children = (
				FA8C296A2BD7B8AE0007505C /* SignIn */,
				FAF193282BD6775B0011B037 /* SignUpWithEmail */,
				FAEDD60E2BCEB81F00E3F257 /* SignUp */,
				FAEDD5FF2BCDBE8F00E3F257 /* Base */,
				FAEDD5F62BCACDD900E3F257 /* Feed */,
				FAEDD5F52BCACDCD00E3F257 /* Cells */,
				FA8C29732BD81BF30007505C /* TabBarViewController.swift */,
			);
			path = Scenes;
			sourceTree = "<group>";
		};
		FAF5D8792BBB0954001759FD /* Data */ = {
			isa = PBXGroup;
			children = (
				FAEDD5F32BCACAA400E3F257 /* Network.swift */,
				FAEDD6172BCEC58500E3F257 /* AuthManager.swift */,
				FAEDD6242BD1C8FA00E3F257 /* UserInfo.swift */,
			);
			path = Data;
			sourceTree = "<group>";
		};
		FAF5D87A2BBB095B001759FD /* Models */ = {
			isa = PBXGroup;
			children = (
				FAEDD5F12BC7F61700E3F257 /* UserModel.swift */,
				FAEDD6202BD1B4A600E3F257 /* UserDetailModel.swift */,
				FAEDD6222BD1BC3400E3F257 /* PointDetails.swift */,
				FAC512102BD8510000B38B56 /* PostModel.swift */,
			);
			path = Models;
			sourceTree = "<group>";
		};
		FAF5D87B2BBB0963001759FD /* Extension */ = {
			isa = PBXGroup;
			children = (
				FAEDD5F92BCDB56500E3F257 /* FirebaseIdentifiable+Extension.swift */,
				FA46D8812BD3183A00D2BE18 /* UIViewController+Extension.swift */,
				FA46D8832BD3212600D2BE18 /* String+Extension.swift */,
				FA8C29712BD7C7AD0007505C /* UIColor+Extension.swift */,
				FAC512192BD864F000B38B56 /* UIImageView+Extension.swift */,
			);
			path = Extension;
			sourceTree = "<group>";
		};
		FAF5D87C2BBB0989001759FD /* Enum */ = {
			isa = PBXGroup;
			children = (
				FAEDD5FB2BCDB5AD00E3F257 /* DocumentError.swift */,
				FAEDD5FD2BCDB64900E3F257 /* FirebaseCollections.swift */,
				FA46D87F2BD2AB0100D2BE18 /* UserInfoEnum.swift */,
				FAC512122BD85E0900B38B56 /* FirebaseStorageFolders.swift */,
			);
			path = Enum;
			sourceTree = "<group>";
		};
		FAF5D87D2BBB09AA001759FD /* Protocol */ = {
			isa = PBXGroup;
			children = (
				FAEDD5F72BCDB51B00E3F257 /* FirebaseIdentifiable.swift */,
			);
			path = Protocol;
			sourceTree = "<group>";
		};
		FAF5D87E2BBB09B6001759FD /* Delegate */ = {
			isa = PBXGroup;
			children = (
			);
			path = Delegate;
			sourceTree = "<group>";
		};
		FAF5D87F2BBB09DB001759FD /* Constant */ = {
			isa = PBXGroup;
			children = (
			);
			path = Constant;
			sourceTree = "<group>";
		};
/* End PBXGroup section */

/* Begin PBXNativeTarget section */
		FAF5D85F2BBB0917001759FD /* SurdurulebilirMahalleler */ = {
			isa = PBXNativeTarget;
			buildConfigurationList = FAF5D8742BBB0919001759FD /* Build configuration list for PBXNativeTarget "SurdurulebilirMahalleler" */;
			buildPhases = (
				FAF5D85C2BBB0917001759FD /* Sources */,
				FAF5D85D2BBB0917001759FD /* Frameworks */,
				FAF5D85E2BBB0917001759FD /* Resources */,
			);
			buildRules = (
			);
			dependencies = (
			);
			name = SurdurulebilirMahalleler;
			packageProductDependencies = (
				FAF5D8812BBB5BD0001759FD /* FirebaseAuth */,
				FAF5D8832BBB5BD0001759FD /* FirebaseDatabase */,
				FAF5D8852BBB5BD0001759FD /* FirebaseFirestoreSwift */,
				FAF5D8872BBB5BD0001759FD /* FirebaseStorage */,
				FAEDD6052BCDC19300E3F257 /* ProgressHUD */,
				FAEDD61A2BCF2B9600E3F257 /* GoogleSignIn */,
				FAEDD61C2BCF2B9600E3F257 /* GoogleSignInSwift */,
				FAC512152BD864A600B38B56 /* SDWebImage */,
				FAC512172BD864A600B38B56 /* SDWebImageMapKit */,
			);
			productName = SurdurulebilirMahalleler;
			productReference = FAF5D8602BBB0917001759FD /* SurdurulebilirMahalleler.app */;
			productType = "com.apple.product-type.application";
		};
/* End PBXNativeTarget section */

/* Begin PBXProject section */
		FAF5D8582BBB0917001759FD /* Project object */ = {
			isa = PBXProject;
			attributes = {
				BuildIndependentTargetsInParallel = 1;
				LastSwiftUpdateCheck = 1530;
				LastUpgradeCheck = 1530;
				TargetAttributes = {
					FAF5D85F2BBB0917001759FD = {
						CreatedOnToolsVersion = 15.3;
					};
				};
			};
			buildConfigurationList = FAF5D85B2BBB0917001759FD /* Build configuration list for PBXProject "SurdurulebilirMahalleler" */;
			compatibilityVersion = "Xcode 14.0";
			developmentRegion = en;
			hasScannedForEncodings = 0;
			knownRegions = (
				en,
				Base,
			);
			mainGroup = FAF5D8572BBB0917001759FD;
			packageReferences = (
				FAF5D8802BBB5BD0001759FD /* XCRemoteSwiftPackageReference "firebase-ios-sdk" */,
				FAEDD6042BCDC19200E3F257 /* XCRemoteSwiftPackageReference "ProgressHUD" */,
				FAEDD6192BCF2B9600E3F257 /* XCRemoteSwiftPackageReference "GoogleSignIn-iOS" */,
				FAC512142BD864A500B38B56 /* XCRemoteSwiftPackageReference "SDWebImage" */,
			);
			productRefGroup = FAF5D8612BBB0917001759FD /* Products */;
			projectDirPath = "";
			projectRoot = "";
			targets = (
				FAF5D85F2BBB0917001759FD /* SurdurulebilirMahalleler */,
			);
		};
/* End PBXProject section */

/* Begin PBXResourcesBuildPhase section */
		FAF5D85E2BBB0917001759FD /* Resources */ = {
			isa = PBXResourcesBuildPhase;
			buildActionMask = 2147483647;
			files = (
				FA8C296D2BD7BE8C0007505C /* SignInViewController.xib in Resources */,
				FAEDD5F02BC7F45900E3F257 /* FeedTableViewCell.xib in Resources */,
				FAF5D86D2BBB0919001759FD /* Assets.xcassets in Resources */,
				FAF1932B2BD677870011B037 /* SignUpWithEmailViewController.xib in Resources */,
				FAEDD5EA2BBEC68D00E3F257 /* FeedViewController.xib in Resources */,
				FAEDD6122BCEB83500E3F257 /* SignUpViewController.xib in Resources */,
				FAF5D8702BBB0919001759FD /* Base in Resources */,
				FAEDD61F2BCF2ECC00E3F257 /* GoogleService-Info.plist in Resources */,
			);
			runOnlyForDeploymentPostprocessing = 0;
		};
/* End PBXResourcesBuildPhase section */

/* Begin PBXSourcesBuildPhase section */
		FAF5D85C2BBB0917001759FD /* Sources */ = {
			isa = PBXSourcesBuildPhase;
			buildActionMask = 2147483647;
			files = (
				FA8C296E2BD7BE8C0007505C /* SignInViewController.swift in Sources */,
				FAEDD6232BD1BC3400E3F257 /* PointDetails.swift in Sources */,
				FAEDD5FA2BCDB56500E3F257 /* FirebaseIdentifiable+Extension.swift in Sources */,
				FAEDD5F82BCDB51B00E3F257 /* FirebaseIdentifiable.swift in Sources */,
				FAEDD6162BCEB86600E3F257 /* SignUpViewModel.swift in Sources */,
				FAEDD6012BCDBEBB00E3F257 /* BaseViewController.swift in Sources */,
				FAEDD5FE2BCDB64900E3F257 /* FirebaseCollections.swift in Sources */,
				FAF5D8642BBB0917001759FD /* AppDelegate.swift in Sources */,
				FAEDD6032BCDBF3000E3F257 /* BaseViewModel.swift in Sources */,
				FA8C29782BD839440007505C /* CustomUIImageView.swift in Sources */,
				FAC512112BD8510000B38B56 /* PostModel.swift in Sources */,
				FA8C29722BD7C7AD0007505C /* UIColor+Extension.swift in Sources */,
				FAEDD6212BD1B4A600E3F257 /* UserDetailModel.swift in Sources */,
				FAEDD60D2BCDE22B00E3F257 /* CustomGradientLoadingAnimation.swift in Sources */,
				FAEDD5FC2BCDB5AD00E3F257 /* DocumentError.swift in Sources */,
				FA46D8802BD2AB0100D2BE18 /* UserInfoEnum.swift in Sources */,
				FA46D8842BD3212600D2BE18 /* String+Extension.swift in Sources */,
				FA8C29692BD68B1C0007505C /* CustomUITextField.swift in Sources */,
				FA46D8822BD3183B00D2BE18 /* UIViewController+Extension.swift in Sources */,
				FAEDD5EF2BC7F45900E3F257 /* FeedTableViewCell.swift in Sources */,
				FAEDD6252BD1C8FA00E3F257 /* UserInfo.swift in Sources */,
				FAEDD6112BCEB83500E3F257 /* SignUpViewController.swift in Sources */,
				FAEDD5E92BBEC68D00E3F257 /* FeedViewController.swift in Sources */,
				FA8C29672BD6892F0007505C /* CustomUIButton.swift in Sources */,
				FAF1932E2BD677D60011B037 /* SignUpWithEmailViewModel.swift in Sources */,
				FAEDD5F22BC7F61700E3F257 /* UserModel.swift in Sources */,
				FAEDD5F42BCACAA400E3F257 /* Network.swift in Sources */,
				FA8C29702BD7BEC70007505C /* SignInViewModel.swift in Sources */,
				FAF5D8662BBB0917001759FD /* SceneDelegate.swift in Sources */,
				FAEDD6082BCDC21600E3F257 /* FeedViewModel.swift in Sources */,
				FAC5121A2BD864F000B38B56 /* UIImageView+Extension.swift in Sources */,
				FAEDD6182BCEC58500E3F257 /* AuthManager.swift in Sources */,
				FAF1932C2BD677870011B037 /* SignUpWithEmailViewController.swift in Sources */,
				FAC512132BD85E0900B38B56 /* FirebaseStorageFolders.swift in Sources */,
				FA8C29762BD81BF30007505C /* TabBarViewController.swift in Sources */,
			);
			runOnlyForDeploymentPostprocessing = 0;
		};
/* End PBXSourcesBuildPhase section */

/* Begin PBXVariantGroup section */
		FAF5D86E2BBB0919001759FD /* LaunchScreen.storyboard */ = {
			isa = PBXVariantGroup;
			children = (
				FAF5D86F2BBB0919001759FD /* Base */,
			);
			name = LaunchScreen.storyboard;
			sourceTree = "<group>";
		};
/* End PBXVariantGroup section */

/* Begin XCBuildConfiguration section */
		FAF5D8722BBB0919001759FD /* Debug */ = {
			isa = XCBuildConfiguration;
			buildSettings = {
				ALWAYS_SEARCH_USER_PATHS = NO;
				ASSETCATALOG_COMPILER_GENERATE_SWIFT_ASSET_SYMBOL_EXTENSIONS = YES;
				CLANG_ANALYZER_NONNULL = YES;
				CLANG_ANALYZER_NUMBER_OBJECT_CONVERSION = YES_AGGRESSIVE;
				CLANG_CXX_LANGUAGE_STANDARD = "gnu++20";
				CLANG_ENABLE_MODULES = YES;
				CLANG_ENABLE_OBJC_ARC = YES;
				CLANG_ENABLE_OBJC_WEAK = YES;
				CLANG_WARN_BLOCK_CAPTURE_AUTORELEASING = YES;
				CLANG_WARN_BOOL_CONVERSION = YES;
				CLANG_WARN_COMMA = YES;
				CLANG_WARN_CONSTANT_CONVERSION = YES;
				CLANG_WARN_DEPRECATED_OBJC_IMPLEMENTATIONS = YES;
				CLANG_WARN_DIRECT_OBJC_ISA_USAGE = YES_ERROR;
				CLANG_WARN_DOCUMENTATION_COMMENTS = YES;
				CLANG_WARN_EMPTY_BODY = YES;
				CLANG_WARN_ENUM_CONVERSION = YES;
				CLANG_WARN_INFINITE_RECURSION = YES;
				CLANG_WARN_INT_CONVERSION = YES;
				CLANG_WARN_NON_LITERAL_NULL_CONVERSION = YES;
				CLANG_WARN_OBJC_IMPLICIT_RETAIN_SELF = YES;
				CLANG_WARN_OBJC_LITERAL_CONVERSION = YES;
				CLANG_WARN_OBJC_ROOT_CLASS = YES_ERROR;
				CLANG_WARN_QUOTED_INCLUDE_IN_FRAMEWORK_HEADER = YES;
				CLANG_WARN_RANGE_LOOP_ANALYSIS = YES;
				CLANG_WARN_STRICT_PROTOTYPES = YES;
				CLANG_WARN_SUSPICIOUS_MOVE = YES;
				CLANG_WARN_UNGUARDED_AVAILABILITY = YES_AGGRESSIVE;
				CLANG_WARN_UNREACHABLE_CODE = YES;
				CLANG_WARN__DUPLICATE_METHOD_MATCH = YES;
				COPY_PHASE_STRIP = NO;
				DEBUG_INFORMATION_FORMAT = dwarf;
				ENABLE_STRICT_OBJC_MSGSEND = YES;
				ENABLE_TESTABILITY = YES;
				ENABLE_USER_SCRIPT_SANDBOXING = YES;
				GCC_C_LANGUAGE_STANDARD = gnu17;
				GCC_DYNAMIC_NO_PIC = NO;
				GCC_NO_COMMON_BLOCKS = YES;
				GCC_OPTIMIZATION_LEVEL = 0;
				GCC_PREPROCESSOR_DEFINITIONS = (
					"DEBUG=1",
					"$(inherited)",
				);
				GCC_WARN_64_TO_32_BIT_CONVERSION = YES;
				GCC_WARN_ABOUT_RETURN_TYPE = YES_ERROR;
				GCC_WARN_UNDECLARED_SELECTOR = YES;
				GCC_WARN_UNINITIALIZED_AUTOS = YES_AGGRESSIVE;
				GCC_WARN_UNUSED_FUNCTION = YES;
				GCC_WARN_UNUSED_VARIABLE = YES;
				IPHONEOS_DEPLOYMENT_TARGET = 17.4;
				LOCALIZATION_PREFERS_STRING_CATALOGS = YES;
				MTL_ENABLE_DEBUG_INFO = INCLUDE_SOURCE;
				MTL_FAST_MATH = YES;
				ONLY_ACTIVE_ARCH = YES;
				SDKROOT = iphoneos;
				SWIFT_ACTIVE_COMPILATION_CONDITIONS = "DEBUG $(inherited)";
				SWIFT_OPTIMIZATION_LEVEL = "-Onone";
			};
			name = Debug;
		};
		FAF5D8732BBB0919001759FD /* Release */ = {
			isa = XCBuildConfiguration;
			buildSettings = {
				ALWAYS_SEARCH_USER_PATHS = NO;
				ASSETCATALOG_COMPILER_GENERATE_SWIFT_ASSET_SYMBOL_EXTENSIONS = YES;
				CLANG_ANALYZER_NONNULL = YES;
				CLANG_ANALYZER_NUMBER_OBJECT_CONVERSION = YES_AGGRESSIVE;
				CLANG_CXX_LANGUAGE_STANDARD = "gnu++20";
				CLANG_ENABLE_MODULES = YES;
				CLANG_ENABLE_OBJC_ARC = YES;
				CLANG_ENABLE_OBJC_WEAK = YES;
				CLANG_WARN_BLOCK_CAPTURE_AUTORELEASING = YES;
				CLANG_WARN_BOOL_CONVERSION = YES;
				CLANG_WARN_COMMA = YES;
				CLANG_WARN_CONSTANT_CONVERSION = YES;
				CLANG_WARN_DEPRECATED_OBJC_IMPLEMENTATIONS = YES;
				CLANG_WARN_DIRECT_OBJC_ISA_USAGE = YES_ERROR;
				CLANG_WARN_DOCUMENTATION_COMMENTS = YES;
				CLANG_WARN_EMPTY_BODY = YES;
				CLANG_WARN_ENUM_CONVERSION = YES;
				CLANG_WARN_INFINITE_RECURSION = YES;
				CLANG_WARN_INT_CONVERSION = YES;
				CLANG_WARN_NON_LITERAL_NULL_CONVERSION = YES;
				CLANG_WARN_OBJC_IMPLICIT_RETAIN_SELF = YES;
				CLANG_WARN_OBJC_LITERAL_CONVERSION = YES;
				CLANG_WARN_OBJC_ROOT_CLASS = YES_ERROR;
				CLANG_WARN_QUOTED_INCLUDE_IN_FRAMEWORK_HEADER = YES;
				CLANG_WARN_RANGE_LOOP_ANALYSIS = YES;
				CLANG_WARN_STRICT_PROTOTYPES = YES;
				CLANG_WARN_SUSPICIOUS_MOVE = YES;
				CLANG_WARN_UNGUARDED_AVAILABILITY = YES_AGGRESSIVE;
				CLANG_WARN_UNREACHABLE_CODE = YES;
				CLANG_WARN__DUPLICATE_METHOD_MATCH = YES;
				COPY_PHASE_STRIP = NO;
				DEBUG_INFORMATION_FORMAT = "dwarf-with-dsym";
				ENABLE_NS_ASSERTIONS = NO;
				ENABLE_STRICT_OBJC_MSGSEND = YES;
				ENABLE_USER_SCRIPT_SANDBOXING = YES;
				GCC_C_LANGUAGE_STANDARD = gnu17;
				GCC_NO_COMMON_BLOCKS = YES;
				GCC_WARN_64_TO_32_BIT_CONVERSION = YES;
				GCC_WARN_ABOUT_RETURN_TYPE = YES_ERROR;
				GCC_WARN_UNDECLARED_SELECTOR = YES;
				GCC_WARN_UNINITIALIZED_AUTOS = YES_AGGRESSIVE;
				GCC_WARN_UNUSED_FUNCTION = YES;
				GCC_WARN_UNUSED_VARIABLE = YES;
				IPHONEOS_DEPLOYMENT_TARGET = 17.4;
				LOCALIZATION_PREFERS_STRING_CATALOGS = YES;
				MTL_ENABLE_DEBUG_INFO = NO;
				MTL_FAST_MATH = YES;
				SDKROOT = iphoneos;
				SWIFT_COMPILATION_MODE = wholemodule;
				VALIDATE_PRODUCT = YES;
			};
			name = Release;
		};
		FAF5D8752BBB0919001759FD /* Debug */ = {
			isa = XCBuildConfiguration;
			buildSettings = {
				ASSETCATALOG_COMPILER_APPICON_NAME = AppIcon;
				ASSETCATALOG_COMPILER_GLOBAL_ACCENT_COLOR_NAME = AccentColor;
				CODE_SIGN_STYLE = Automatic;
				CURRENT_PROJECT_VERSION = 1;
				GENERATE_INFOPLIST_FILE = YES;
				INFOPLIST_FILE = SurdurulebilirMahalleler/Info.plist;
				INFOPLIST_KEY_UIApplicationSupportsIndirectInputEvents = YES;
				INFOPLIST_KEY_UILaunchStoryboardName = LaunchScreen;
				INFOPLIST_KEY_UIMainStoryboardFile = "";
				INFOPLIST_KEY_UISupportedInterfaceOrientations_iPad = "UIInterfaceOrientationPortrait UIInterfaceOrientationPortraitUpsideDown UIInterfaceOrientationLandscapeLeft UIInterfaceOrientationLandscapeRight";
				INFOPLIST_KEY_UISupportedInterfaceOrientations_iPhone = "UIInterfaceOrientationPortrait UIInterfaceOrientationLandscapeLeft UIInterfaceOrientationLandscapeRight";
				LD_RUNPATH_SEARCH_PATHS = (
					"$(inherited)",
					"@executable_path/Frameworks",
				);
				MARKETING_VERSION = 1.0;
				PRODUCT_BUNDLE_IDENTIFIER = com.ilkayipek.SurdurulebilirMahalleler;
				PRODUCT_NAME = "$(TARGET_NAME)";
				SWIFT_EMIT_LOC_STRINGS = YES;
				SWIFT_VERSION = 5.0;
				TARGETED_DEVICE_FAMILY = "1,2";
			};
			name = Debug;
		};
		FAF5D8762BBB0919001759FD /* Release */ = {
			isa = XCBuildConfiguration;
			buildSettings = {
				ASSETCATALOG_COMPILER_APPICON_NAME = AppIcon;
				ASSETCATALOG_COMPILER_GLOBAL_ACCENT_COLOR_NAME = AccentColor;
				CODE_SIGN_STYLE = Automatic;
				CURRENT_PROJECT_VERSION = 1;
				GENERATE_INFOPLIST_FILE = YES;
				INFOPLIST_FILE = SurdurulebilirMahalleler/Info.plist;
				INFOPLIST_KEY_UIApplicationSupportsIndirectInputEvents = YES;
				INFOPLIST_KEY_UILaunchStoryboardName = LaunchScreen;
				INFOPLIST_KEY_UIMainStoryboardFile = "";
				INFOPLIST_KEY_UISupportedInterfaceOrientations_iPad = "UIInterfaceOrientationPortrait UIInterfaceOrientationPortraitUpsideDown UIInterfaceOrientationLandscapeLeft UIInterfaceOrientationLandscapeRight";
				INFOPLIST_KEY_UISupportedInterfaceOrientations_iPhone = "UIInterfaceOrientationPortrait UIInterfaceOrientationLandscapeLeft UIInterfaceOrientationLandscapeRight";
				LD_RUNPATH_SEARCH_PATHS = (
					"$(inherited)",
					"@executable_path/Frameworks",
				);
				MARKETING_VERSION = 1.0;
				PRODUCT_BUNDLE_IDENTIFIER = com.ilkayipek.SurdurulebilirMahalleler;
				PRODUCT_NAME = "$(TARGET_NAME)";
				SWIFT_EMIT_LOC_STRINGS = YES;
				SWIFT_VERSION = 5.0;
				TARGETED_DEVICE_FAMILY = "1,2";
			};
			name = Release;
		};
/* End XCBuildConfiguration section */

/* Begin XCConfigurationList section */
		FAF5D85B2BBB0917001759FD /* Build configuration list for PBXProject "SurdurulebilirMahalleler" */ = {
			isa = XCConfigurationList;
			buildConfigurations = (
				FAF5D8722BBB0919001759FD /* Debug */,
				FAF5D8732BBB0919001759FD /* Release */,
			);
			defaultConfigurationIsVisible = 0;
			defaultConfigurationName = Release;
		};
		FAF5D8742BBB0919001759FD /* Build configuration list for PBXNativeTarget "SurdurulebilirMahalleler" */ = {
			isa = XCConfigurationList;
			buildConfigurations = (
				FAF5D8752BBB0919001759FD /* Debug */,
				FAF5D8762BBB0919001759FD /* Release */,
			);
			defaultConfigurationIsVisible = 0;
			defaultConfigurationName = Release;
		};
/* End XCConfigurationList section */

/* Begin XCRemoteSwiftPackageReference section */
		FAC512142BD864A500B38B56 /* XCRemoteSwiftPackageReference "SDWebImage" */ = {
			isa = XCRemoteSwiftPackageReference;
			repositoryURL = "https://github.com/SDWebImage/SDWebImage.git";
			requirement = {
				kind = upToNextMajorVersion;
				minimumVersion = 5.19.1;
			};
		};
		FAEDD6042BCDC19200E3F257 /* XCRemoteSwiftPackageReference "ProgressHUD" */ = {
			isa = XCRemoteSwiftPackageReference;
			repositoryURL = "https://github.com/relatedcode/ProgressHUD.git";
			requirement = {
				kind = upToNextMajorVersion;
				minimumVersion = 14.1.1;
			};
		};
		FAEDD6192BCF2B9600E3F257 /* XCRemoteSwiftPackageReference "GoogleSignIn-iOS" */ = {
			isa = XCRemoteSwiftPackageReference;
			repositoryURL = "https://github.com/google/GoogleSignIn-iOS";
			requirement = {
				kind = upToNextMajorVersion;
				minimumVersion = 7.1.0;
			};
		};
		FAF5D8802BBB5BD0001759FD /* XCRemoteSwiftPackageReference "firebase-ios-sdk" */ = {
			isa = XCRemoteSwiftPackageReference;
			repositoryURL = "https://github.com/firebase/firebase-ios-sdk";
			requirement = {
				kind = upToNextMajorVersion;
				minimumVersion = 10.23.1;
			};
		};
/* End XCRemoteSwiftPackageReference section */

/* Begin XCSwiftPackageProductDependency section */
		FAC512152BD864A600B38B56 /* SDWebImage */ = {
			isa = XCSwiftPackageProductDependency;
			package = FAC512142BD864A500B38B56 /* XCRemoteSwiftPackageReference "SDWebImage" */;
			productName = SDWebImage;
		};
		FAC512172BD864A600B38B56 /* SDWebImageMapKit */ = {
			isa = XCSwiftPackageProductDependency;
			package = FAC512142BD864A500B38B56 /* XCRemoteSwiftPackageReference "SDWebImage" */;
			productName = SDWebImageMapKit;
		};
		FAEDD6052BCDC19300E3F257 /* ProgressHUD */ = {
			isa = XCSwiftPackageProductDependency;
			package = FAEDD6042BCDC19200E3F257 /* XCRemoteSwiftPackageReference "ProgressHUD" */;
			productName = ProgressHUD;
		};
		FAEDD61A2BCF2B9600E3F257 /* GoogleSignIn */ = {
			isa = XCSwiftPackageProductDependency;
			package = FAEDD6192BCF2B9600E3F257 /* XCRemoteSwiftPackageReference "GoogleSignIn-iOS" */;
			productName = GoogleSignIn;
		};
		FAEDD61C2BCF2B9600E3F257 /* GoogleSignInSwift */ = {
			isa = XCSwiftPackageProductDependency;
			package = FAEDD6192BCF2B9600E3F257 /* XCRemoteSwiftPackageReference "GoogleSignIn-iOS" */;
			productName = GoogleSignInSwift;
		};
		FAF5D8812BBB5BD0001759FD /* FirebaseAuth */ = {
			isa = XCSwiftPackageProductDependency;
			package = FAF5D8802BBB5BD0001759FD /* XCRemoteSwiftPackageReference "firebase-ios-sdk" */;
			productName = FirebaseAuth;
		};
		FAF5D8832BBB5BD0001759FD /* FirebaseDatabase */ = {
			isa = XCSwiftPackageProductDependency;
			package = FAF5D8802BBB5BD0001759FD /* XCRemoteSwiftPackageReference "firebase-ios-sdk" */;
			productName = FirebaseDatabase;
		};
		FAF5D8852BBB5BD0001759FD /* FirebaseFirestoreSwift */ = {
			isa = XCSwiftPackageProductDependency;
			package = FAF5D8802BBB5BD0001759FD /* XCRemoteSwiftPackageReference "firebase-ios-sdk" */;
			productName = FirebaseFirestoreSwift;
		};
		FAF5D8872BBB5BD0001759FD /* FirebaseStorage */ = {
			isa = XCSwiftPackageProductDependency;
			package = FAF5D8802BBB5BD0001759FD /* XCRemoteSwiftPackageReference "firebase-ios-sdk" */;
			productName = FirebaseStorage;
		};
/* End XCSwiftPackageProductDependency section */
	};
	rootObject = FAF5D8582BBB0917001759FD /* Project object */;
}
